// !$*UTF8*$!
{
	archiveVersion = 1;
	classes = {
	};
	objectVersion = 46;
	objects = {

/* Begin PBXBuildFile section */
		44EE87941C508657002BE2DA /* libSTDbKit.a in Frameworks */ = {isa = PBXBuildFile; fileRef = 44EE877F1C50862D002BE2DA /* libSTDbKit.a */; };
		44EE879F1C5086BB002BE2DA /* STDbObjectTests.m in Sources */ = {isa = PBXBuildFile; fileRef = 44EE879C1C5086BB002BE2DA /* STDbObjectTests.m */; };
		44EE87A01C5086BB002BE2DA /* User.m in Sources */ = {isa = PBXBuildFile; fileRef = 44EE879E1C5086BB002BE2DA /* User.m */; };
		44EE87B61C50873F002BE2DA /* NSData+STDbHandle.m in Sources */ = {isa = PBXBuildFile; fileRef = 44EE87A51C50873F002BE2DA /* NSData+STDbHandle.m */; };
		44EE87B71C50873F002BE2DA /* NSDate+STDbHandle.m in Sources */ = {isa = PBXBuildFile; fileRef = 44EE87A71C50873F002BE2DA /* NSDate+STDbHandle.m */; };
		44EE87B81C50873F002BE2DA /* NSObject+STDbHandle.m in Sources */ = {isa = PBXBuildFile; fileRef = 44EE87A91C50873F002BE2DA /* NSObject+STDbHandle.m */; };
		44EE87B91C50873F002BE2DA /* NSString+STDbHandle.m in Sources */ = {isa = PBXBuildFile; fileRef = 44EE87AB1C50873F002BE2DA /* NSString+STDbHandle.m */; };
		44EE87BA1C50873F002BE2DA /* STDb.m in Sources */ = {isa = PBXBuildFile; fileRef = 44EE87AF1C50873F002BE2DA /* STDb.m */; };
		44EE87BB1C50873F002BE2DA /* STDbObject.m in Sources */ = {isa = PBXBuildFile; fileRef = 44EE87B21C50873F002BE2DA /* STDbObject.m */; };
		44EE87BC1C50873F002BE2DA /* STDbQueue.m in Sources */ = {isa = PBXBuildFile; fileRef = 44EE87B41C50873F002BE2DA /* STDbQueue.m */; };
		44EE87E61C50930A002BE2DA /* NSData+STDbHandle.m in Sources */ = {isa = PBXBuildFile; fileRef = 44EE87A51C50873F002BE2DA /* NSData+STDbHandle.m */; };
		44EE87E71C50930A002BE2DA /* NSDate+STDbHandle.m in Sources */ = {isa = PBXBuildFile; fileRef = 44EE87A71C50873F002BE2DA /* NSDate+STDbHandle.m */; };
		44EE87E81C50930A002BE2DA /* NSObject+STDbHandle.m in Sources */ = {isa = PBXBuildFile; fileRef = 44EE87A91C50873F002BE2DA /* NSObject+STDbHandle.m */; };
		44EE87E91C50930A002BE2DA /* NSString+STDbHandle.m in Sources */ = {isa = PBXBuildFile; fileRef = 44EE87AB1C50873F002BE2DA /* NSString+STDbHandle.m */; };
		44EE87EA1C50930A002BE2DA /* STDb.m in Sources */ = {isa = PBXBuildFile; fileRef = 44EE87AF1C50873F002BE2DA /* STDb.m */; };
		44EE87EB1C50930A002BE2DA /* STDbObject.m in Sources */ = {isa = PBXBuildFile; fileRef = 44EE87B21C50873F002BE2DA /* STDbObject.m */; };
		44EE87EC1C50930A002BE2DA /* STDbQueue.m in Sources */ = {isa = PBXBuildFile; fileRef = 44EE87B41C50873F002BE2DA /* STDbQueue.m */; };
		44F747521D580F120096473E /* libsqlcipher.a in Frameworks */ = {isa = PBXBuildFile; fileRef = 44F747511D580F120096473E /* libsqlcipher.a */; };
		44F747551D5813DE0096473E /* EncryptTests.m in Sources */ = {isa = PBXBuildFile; fileRef = 44F747531D5813DE0096473E /* EncryptTests.m */; };
/* End PBXBuildFile section */

/* Begin PBXContainerItemProxy section */
		44EE87951C508657002BE2DA /* PBXContainerItemProxy */ = {
			isa = PBXContainerItemProxy;
			containerPortal = 44EE87771C50862D002BE2DA /* Project object */;
			proxyType = 1;
			remoteGlobalIDString = 44EE877E1C50862D002BE2DA;
			remoteInfo = STDbKit;
		};
/* End PBXContainerItemProxy section */

/* Begin PBXCopyFilesBuildPhase section */
		44EE877D1C50862D002BE2DA /* CopyFiles */ = {
			isa = PBXCopyFilesBuildPhase;
			buildActionMask = 2147483647;
			dstPath = "include/$(PRODUCT_NAME)";
			dstSubfolderSpec = 16;
			files = (
			);
			runOnlyForDeploymentPostprocessing = 0;
		};
/* End PBXCopyFilesBuildPhase section */

/* Begin PBXFileReference section */
		44EE877F1C50862D002BE2DA /* libSTDbKit.a */ = {isa = PBXFileReference; explicitFileType = archive.ar; includeInIndex = 0; path = libSTDbKit.a; sourceTree = BUILT_PRODUCTS_DIR; };
		44EE878F1C508657002BE2DA /* STDbKitTests.xctest */ = {isa = PBXFileReference; explicitFileType = wrapper.cfbundle; includeInIndex = 0; path = STDbKitTests.xctest; sourceTree = BUILT_PRODUCTS_DIR; };
		44EE87931C508657002BE2DA /* Info.plist */ = {isa = PBXFileReference; lastKnownFileType = text.plist.xml; path = Info.plist; sourceTree = "<group>"; };
		44EE879C1C5086BB002BE2DA /* STDbObjectTests.m */ = {isa = PBXFileReference; fileEncoding = 4; lastKnownFileType = sourcecode.c.objc; path = STDbObjectTests.m; sourceTree = "<group>"; };
		44EE879D1C5086BB002BE2DA /* User.h */ = {isa = PBXFileReference; fileEncoding = 4; lastKnownFileType = sourcecode.c.h; path = User.h; sourceTree = "<group>"; };
		44EE879E1C5086BB002BE2DA /* User.m */ = {isa = PBXFileReference; fileEncoding = 4; lastKnownFileType = sourcecode.c.objc; path = User.m; sourceTree = "<group>"; };
		44EE87A41C50873F002BE2DA /* NSData+STDbHandle.h */ = {isa = PBXFileReference; fileEncoding = 4; lastKnownFileType = sourcecode.c.h; path = "NSData+STDbHandle.h"; sourceTree = "<group>"; };
		44EE87A51C50873F002BE2DA /* NSData+STDbHandle.m */ = {isa = PBXFileReference; fileEncoding = 4; lastKnownFileType = sourcecode.c.objc; path = "NSData+STDbHandle.m"; sourceTree = "<group>"; };
		44EE87A61C50873F002BE2DA /* NSDate+STDbHandle.h */ = {isa = PBXFileReference; fileEncoding = 4; lastKnownFileType = sourcecode.c.h; path = "NSDate+STDbHandle.h"; sourceTree = "<group>"; };
		44EE87A71C50873F002BE2DA /* NSDate+STDbHandle.m */ = {isa = PBXFileReference; fileEncoding = 4; lastKnownFileType = sourcecode.c.objc; path = "NSDate+STDbHandle.m"; sourceTree = "<group>"; };
		44EE87A81C50873F002BE2DA /* NSObject+STDbHandle.h */ = {isa = PBXFileReference; fileEncoding = 4; lastKnownFileType = sourcecode.c.h; path = "NSObject+STDbHandle.h"; sourceTree = "<group>"; };
		44EE87A91C50873F002BE2DA /* NSObject+STDbHandle.m */ = {isa = PBXFileReference; fileEncoding = 4; lastKnownFileType = sourcecode.c.objc; path = "NSObject+STDbHandle.m"; sourceTree = "<group>"; };
		44EE87AA1C50873F002BE2DA /* NSString+STDbHandle.h */ = {isa = PBXFileReference; fileEncoding = 4; lastKnownFileType = sourcecode.c.h; path = "NSString+STDbHandle.h"; sourceTree = "<group>"; };
		44EE87AB1C50873F002BE2DA /* NSString+STDbHandle.m */ = {isa = PBXFileReference; fileEncoding = 4; lastKnownFileType = sourcecode.c.objc; path = "NSString+STDbHandle.m"; sourceTree = "<group>"; };
		44EE87AE1C50873F002BE2DA /* STDb.h */ = {isa = PBXFileReference; fileEncoding = 4; lastKnownFileType = sourcecode.c.h; path = STDb.h; sourceTree = "<group>"; };
		44EE87AF1C50873F002BE2DA /* STDb.m */ = {isa = PBXFileReference; fileEncoding = 4; lastKnownFileType = sourcecode.c.objc; path = STDb.m; sourceTree = "<group>"; };
		44EE87B01C50873F002BE2DA /* STDbKit.h */ = {isa = PBXFileReference; fileEncoding = 4; lastKnownFileType = sourcecode.c.h; path = STDbKit.h; sourceTree = "<group>"; };
		44EE87B11C50873F002BE2DA /* STDbObject.h */ = {isa = PBXFileReference; fileEncoding = 4; lastKnownFileType = sourcecode.c.h; path = STDbObject.h; sourceTree = "<group>"; };
		44EE87B21C50873F002BE2DA /* STDbObject.m */ = {isa = PBXFileReference; fileEncoding = 4; lastKnownFileType = sourcecode.c.objc; path = STDbObject.m; sourceTree = "<group>"; };
		44EE87B31C50873F002BE2DA /* STDbQueue.h */ = {isa = PBXFileReference; fileEncoding = 4; lastKnownFileType = sourcecode.c.h; path = STDbQueue.h; sourceTree = "<group>"; };
		44EE87B41C50873F002BE2DA /* STDbQueue.m */ = {isa = PBXFileReference; fileEncoding = 4; lastKnownFileType = sourcecode.c.objc; path = STDbQueue.m; sourceTree = "<group>"; };
		44EE87B51C50873F002BE2DA /* STDbVersion.h */ = {isa = PBXFileReference; fileEncoding = 4; lastKnownFileType = sourcecode.c.h; path = STDbVersion.h; sourceTree = "<group>"; };
		44F747511D580F120096473E /* libsqlcipher.a */ = {isa = PBXFileReference; lastKnownFileType = archive.ar; path = libsqlcipher.a; sourceTree = "<group>"; };
		44F747531D5813DE0096473E /* EncryptTests.m */ = {isa = PBXFileReference; fileEncoding = 4; lastKnownFileType = sourcecode.c.objc; path = EncryptTests.m; sourceTree = "<group>"; };
/* End PBXFileReference section */

/* Begin PBXFrameworksBuildPhase section */
		44EE877C1C50862D002BE2DA /* Frameworks */ = {
			isa = PBXFrameworksBuildPhase;
			buildActionMask = 2147483647;
			files = (
				44F747521D580F120096473E /* libsqlcipher.a in Frameworks */,
			);
			runOnlyForDeploymentPostprocessing = 0;
		};
		44EE878C1C508657002BE2DA /* Frameworks */ = {
			isa = PBXFrameworksBuildPhase;
			buildActionMask = 2147483647;
			files = (
				44EE87941C508657002BE2DA /* libSTDbKit.a in Frameworks */,
			);
			runOnlyForDeploymentPostprocessing = 0;
		};
/* End PBXFrameworksBuildPhase section */

/* Begin PBXGroup section */
		44EE87761C50862D002BE2DA = {
			isa = PBXGroup;
			children = (
				44EE87811C50862D002BE2DA /* STDbKit */,
				44EE87901C508657002BE2DA /* STDbKitTests */,
				44EE87801C50862D002BE2DA /* Products */,
			);
			sourceTree = "<group>";
		};
		44EE87801C50862D002BE2DA /* Products */ = {
			isa = PBXGroup;
			children = (
				44EE877F1C50862D002BE2DA /* libSTDbKit.a */,
				44EE878F1C508657002BE2DA /* STDbKitTests.xctest */,
			);
			name = Products;
			sourceTree = "<group>";
		};
		44EE87811C50862D002BE2DA /* STDbKit */ = {
			isa = PBXGroup;
			children = (
				44F747501D580F120096473E /* libs */,
				44EE87A31C50873F002BE2DA /* Category */,
				44EE87AC1C50873F002BE2DA /* Classes */,
			);
			path = STDbKit;
			sourceTree = "<group>";
		};
		44EE87901C508657002BE2DA /* STDbKitTests */ = {
			isa = PBXGroup;
			children = (
				44EE879C1C5086BB002BE2DA /* STDbObjectTests.m */,
				44F747531D5813DE0096473E /* EncryptTests.m */,
				44EE879D1C5086BB002BE2DA /* User.h */,
				44EE879E1C5086BB002BE2DA /* User.m */,
				44EE87931C508657002BE2DA /* Info.plist */,
			);
			path = STDbKitTests;
			sourceTree = "<group>";
		};
		44EE87A31C50873F002BE2DA /* Category */ = {
			isa = PBXGroup;
			children = (
				44EE87A41C50873F002BE2DA /* NSData+STDbHandle.h */,
				44EE87A51C50873F002BE2DA /* NSData+STDbHandle.m */,
				44EE87A61C50873F002BE2DA /* NSDate+STDbHandle.h */,
				44EE87A71C50873F002BE2DA /* NSDate+STDbHandle.m */,
				44EE87A81C50873F002BE2DA /* NSObject+STDbHandle.h */,
				44EE87A91C50873F002BE2DA /* NSObject+STDbHandle.m */,
				44EE87AA1C50873F002BE2DA /* NSString+STDbHandle.h */,
				44EE87AB1C50873F002BE2DA /* NSString+STDbHandle.m */,
			);
			path = Category;
			sourceTree = "<group>";
		};
		44EE87AC1C50873F002BE2DA /* Classes */ = {
			isa = PBXGroup;
			children = (
				44EE87AE1C50873F002BE2DA /* STDb.h */,
				44EE87AF1C50873F002BE2DA /* STDb.m */,
				44EE87B01C50873F002BE2DA /* STDbKit.h */,
				44EE87B11C50873F002BE2DA /* STDbObject.h */,
				44EE87B21C50873F002BE2DA /* STDbObject.m */,
				44EE87B31C50873F002BE2DA /* STDbQueue.h */,
				44EE87B41C50873F002BE2DA /* STDbQueue.m */,
				44EE87B51C50873F002BE2DA /* STDbVersion.h */,
			);
			path = Classes;
			sourceTree = "<group>";
		};
		44F747501D580F120096473E /* libs */ = {
			isa = PBXGroup;
			children = (
				44F747511D580F120096473E /* libsqlcipher.a */,
			);
			path = libs;
			sourceTree = "<group>";
		};
/* End PBXGroup section */

/* Begin PBXNativeTarget section */
		44EE877E1C50862D002BE2DA /* STDbKit */ = {
			isa = PBXNativeTarget;
			buildConfigurationList = 44EE87881C50862D002BE2DA /* Build configuration list for PBXNativeTarget "STDbKit" */;
			buildPhases = (
				44EE877B1C50862D002BE2DA /* Sources */,
				44EE877C1C50862D002BE2DA /* Frameworks */,
				44EE877D1C50862D002BE2DA /* CopyFiles */,
			);
			buildRules = (
			);
			dependencies = (
			);
			name = STDbKit;
			productName = STDbKit;
			productReference = 44EE877F1C50862D002BE2DA /* libSTDbKit.a */;
			productType = "com.apple.product-type.library.static";
		};
		44EE878E1C508657002BE2DA /* STDbKitTests */ = {
			isa = PBXNativeTarget;
			buildConfigurationList = 44EE87971C508657002BE2DA /* Build configuration list for PBXNativeTarget "STDbKitTests" */;
			buildPhases = (
				44EE878B1C508657002BE2DA /* Sources */,
				44EE878C1C508657002BE2DA /* Frameworks */,
				44EE878D1C508657002BE2DA /* Resources */,
			);
			buildRules = (
			);
			dependencies = (
				44EE87961C508657002BE2DA /* PBXTargetDependency */,
			);
			name = STDbKitTests;
			productName = STDbKitTests;
			productReference = 44EE878F1C508657002BE2DA /* STDbKitTests.xctest */;
			productType = "com.apple.product-type.bundle.unit-test";
		};
/* End PBXNativeTarget section */

/* Begin PBXProject section */
		44EE87771C50862D002BE2DA /* Project object */ = {
			isa = PBXProject;
			attributes = {
				LastUpgradeCheck = 0720;
				ORGANIZATIONNAME = stlwtr;
				TargetAttributes = {
					44EE877E1C50862D002BE2DA = {
						CreatedOnToolsVersion = 7.2;
						DevelopmentTeam = B72UJJRPYK;
					};
					44EE878E1C508657002BE2DA = {
						CreatedOnToolsVersion = 7.2;
						DevelopmentTeam = B72UJJRPYK;
					};
				};
			};
			buildConfigurationList = 44EE877A1C50862D002BE2DA /* Build configuration list for PBXProject "STDbKit" */;
			compatibilityVersion = "Xcode 3.2";
			developmentRegion = English;
			hasScannedForEncodings = 0;
			knownRegions = (
				en,
			);
			mainGroup = 44EE87761C50862D002BE2DA;
			productRefGroup = 44EE87801C50862D002BE2DA /* Products */;
			projectDirPath = "";
			projectRoot = "";
			targets = (
				44EE877E1C50862D002BE2DA /* STDbKit */,
				44EE878E1C508657002BE2DA /* STDbKitTests */,
			);
		};
/* End PBXProject section */

/* Begin PBXResourcesBuildPhase section */
		44EE878D1C508657002BE2DA /* Resources */ = {
			isa = PBXResourcesBuildPhase;
			buildActionMask = 2147483647;
			files = (
			);
			runOnlyForDeploymentPostprocessing = 0;
		};
/* End PBXResourcesBuildPhase section */

/* Begin PBXSourcesBuildPhase section */
		44EE877B1C50862D002BE2DA /* Sources */ = {
			isa = PBXSourcesBuildPhase;
			buildActionMask = 2147483647;
			files = (
				44EE87BA1C50873F002BE2DA /* STDb.m in Sources */,
				44EE87B91C50873F002BE2DA /* NSString+STDbHandle.m in Sources */,
				44EE87B81C50873F002BE2DA /* NSObject+STDbHandle.m in Sources */,
				44EE87BC1C50873F002BE2DA /* STDbQueue.m in Sources */,
				44EE87BB1C50873F002BE2DA /* STDbObject.m in Sources */,
				44EE87B61C50873F002BE2DA /* NSData+STDbHandle.m in Sources */,
				44EE87B71C50873F002BE2DA /* NSDate+STDbHandle.m in Sources */,
			);
			runOnlyForDeploymentPostprocessing = 0;
		};
		44EE878B1C508657002BE2DA /* Sources */ = {
			isa = PBXSourcesBuildPhase;
			buildActionMask = 2147483647;
			files = (
				44EE87E61C50930A002BE2DA /* NSData+STDbHandle.m in Sources */,
				44EE87E71C50930A002BE2DA /* NSDate+STDbHandle.m in Sources */,
				44EE87E81C50930A002BE2DA /* NSObject+STDbHandle.m in Sources */,
				44EE87E91C50930A002BE2DA /* NSString+STDbHandle.m in Sources */,
				44EE87EA1C50930A002BE2DA /* STDb.m in Sources */,
				44F747551D5813DE0096473E /* EncryptTests.m in Sources */,
				44EE87EB1C50930A002BE2DA /* STDbObject.m in Sources */,
				44EE87EC1C50930A002BE2DA /* STDbQueue.m in Sources */,
				44EE87A01C5086BB002BE2DA /* User.m in Sources */,
				44EE879F1C5086BB002BE2DA /* STDbObjectTests.m in Sources */,
			);
			runOnlyForDeploymentPostprocessing = 0;
		};
/* End PBXSourcesBuildPhase section */

/* Begin PBXTargetDependency section */
		44EE87961C508657002BE2DA /* PBXTargetDependency */ = {
			isa = PBXTargetDependency;
			target = 44EE877E1C50862D002BE2DA /* STDbKit */;
			targetProxy = 44EE87951C508657002BE2DA /* PBXContainerItemProxy */;
		};
/* End PBXTargetDependency section */

/* Begin XCBuildConfiguration section */
		44EE87861C50862D002BE2DA /* Debug */ = {
			isa = XCBuildConfiguration;
			buildSettings = {
				ALWAYS_SEARCH_USER_PATHS = NO;
				CLANG_CXX_LANGUAGE_STANDARD = "gnu++0x";
				CLANG_CXX_LIBRARY = "libc++";
				CLANG_ENABLE_MODULES = YES;
				CLANG_ENABLE_OBJC_ARC = YES;
				CLANG_WARN_BOOL_CONVERSION = YES;
				CLANG_WARN_CONSTANT_CONVERSION = YES;
				CLANG_WARN_DIRECT_OBJC_ISA_USAGE = YES_ERROR;
				CLANG_WARN_EMPTY_BODY = YES;
				CLANG_WARN_ENUM_CONVERSION = YES;
				CLANG_WARN_INT_CONVERSION = YES;
				CLANG_WARN_OBJC_ROOT_CLASS = YES_ERROR;
				CLANG_WARN_UNREACHABLE_CODE = YES;
				CLANG_WARN__DUPLICATE_METHOD_MATCH = YES;
				"CODE_SIGN_IDENTITY[sdk=iphoneos*]" = "iPhone Developer";
				COPY_PHASE_STRIP = NO;
				DEBUG_INFORMATION_FORMAT = dwarf;
				ENABLE_STRICT_OBJC_MSGSEND = YES;
				ENABLE_TESTABILITY = YES;
				GCC_C_LANGUAGE_STANDARD = gnu99;
				GCC_DYNAMIC_NO_PIC = NO;
				GCC_NO_COMMON_BLOCKS = YES;
				GCC_OPTIMIZATION_LEVEL = 0;
				GCC_PREPROCESSOR_DEFINITIONS = (
					"DEBUG=1",
					"$(inherited)",
				);
				GCC_WARN_64_TO_32_BIT_CONVERSION = YES;
				GCC_WARN_ABOUT_RETURN_TYPE = YES_ERROR;
				GCC_WARN_UNDECLARED_SELECTOR = YES;
				GCC_WARN_UNINITIALIZED_AUTOS = YES_AGGRESSIVE;
				GCC_WARN_UNUSED_FUNCTION = YES;
				GCC_WARN_UNUSED_VARIABLE = YES;
				IPHONEOS_DEPLOYMENT_TARGET = 9.2;
				MTL_ENABLE_DEBUG_INFO = YES;
				ONLY_ACTIVE_ARCH = YES;
				SDKROOT = iphoneos;
			};
			name = Debug;
		};
		44EE87871C50862D002BE2DA /* Release */ = {
			isa = XCBuildConfiguration;
			buildSettings = {
				ALWAYS_SEARCH_USER_PATHS = NO;
				CLANG_CXX_LANGUAGE_STANDARD = "gnu++0x";
				CLANG_CXX_LIBRARY = "libc++";
				CLANG_ENABLE_MODULES = YES;
				CLANG_ENABLE_OBJC_ARC = YES;
				CLANG_WARN_BOOL_CONVERSION = YES;
				CLANG_WARN_CONSTANT_CONVERSION = YES;
				CLANG_WARN_DIRECT_OBJC_ISA_USAGE = YES_ERROR;
				CLANG_WARN_EMPTY_BODY = YES;
				CLANG_WARN_ENUM_CONVERSION = YES;
				CLANG_WARN_INT_CONVERSION = YES;
				CLANG_WARN_OBJC_ROOT_CLASS = YES_ERROR;
				CLANG_WARN_UNREACHABLE_CODE = YES;
				CLANG_WARN__DUPLICATE_METHOD_MATCH = YES;
				"CODE_SIGN_IDENTITY[sdk=iphoneos*]" = "iPhone Developer";
				COPY_PHASE_STRIP = NO;
				DEBUG_INFORMATION_FORMAT = "dwarf-with-dsym";
				ENABLE_NS_ASSERTIONS = NO;
				ENABLE_STRICT_OBJC_MSGSEND = YES;
				GCC_C_LANGUAGE_STANDARD = gnu99;
				GCC_NO_COMMON_BLOCKS = YES;
				GCC_WARN_64_TO_32_BIT_CONVERSION = YES;
				GCC_WARN_ABOUT_RETURN_TYPE = YES_ERROR;
				GCC_WARN_UNDECLARED_SELECTOR = YES;
				GCC_WARN_UNINITIALIZED_AUTOS = YES_AGGRESSIVE;
				GCC_WARN_UNUSED_FUNCTION = YES;
				GCC_WARN_UNUSED_VARIABLE = YES;
				IPHONEOS_DEPLOYMENT_TARGET = 9.2;
				MTL_ENABLE_DEBUG_INFO = NO;
				SDKROOT = iphoneos;
				VALIDATE_PRODUCT = YES;
			};
			name = Release;
		};
		44EE87891C50862D002BE2DA /* Debug */ = {
			isa = XCBuildConfiguration;
			buildSettings = {
				LIBRARY_SEARCH_PATHS = (
					"$(inherited)",
					"$(PROJECT_DIR)/STDbKit/libs",
				);
				OTHER_LDFLAGS = "-ObjC";
				PRODUCT_NAME = "$(TARGET_NAME)";
				SKIP_INSTALL = YES;
			};
			name = Debug;
		};
		44EE878A1C50862D002BE2DA /* Release */ = {
			isa = XCBuildConfiguration;
			buildSettings = {
				LIBRARY_SEARCH_PATHS = (
					"$(inherited)",
					"$(PROJECT_DIR)/STDbKit/libs",
				);
				OTHER_LDFLAGS = "-ObjC";
				PRODUCT_NAME = "$(TARGET_NAME)";
				SKIP_INSTALL = YES;
			};
			name = Release;
		};
		44EE87981C508657002BE2DA /* Debug */ = {
			isa = XCBuildConfiguration;
			buildSettings = {
				INFOPLIST_FILE = STDbKitTests/Info.plist;
				LD_RUNPATH_SEARCH_PATHS = "$(inherited) @executable_path/Frameworks @loader_path/Frameworks";
				PRODUCT_BUNDLE_IDENTIFIER = com.stlwtr.STDbKitTests;
				PRODUCT_NAME = "$(TARGET_NAME)";
			};
			name = Debug;
		};
		44EE87991C508657002BE2DA /* Release */ = {
			isa = XCBuildConfiguration;
			buildSettings = {
				INFOPLIST_FILE = STDbKitTests/Info.plist;
				LD_RUNPATH_SEARCH_PATHS = "$(inherited) @executable_path/Frameworks @loader_path/Frameworks";
				PRODUCT_BUNDLE_IDENTIFIER = com.stlwtr.STDbKitTests;
				PRODUCT_NAME = "$(TARGET_NAME)";
			};
			name = Release;
		};
/* End XCBuildConfiguration section */

/* Begin XCConfigurationList section */
		44EE877A1C50862D002BE2DA /* Build configuration list for PBXProject "STDbKit" */ = {
			isa = XCConfigurationList;
			buildConfigurations = (
				44EE87861C50862D002BE2DA /* Debug */,
				44EE87871C50862D002BE2DA /* Release */,
			);
			defaultConfigurationIsVisible = 0;
			defaultConfigurationName = Release;
		};
		44EE87881C50862D002BE2DA /* Build configuration list for PBXNativeTarget "STDbKit" */ = {
			isa = XCConfigurationList;
			buildConfigurations = (
				44EE87891C50862D002BE2DA /* Debug */,
				44EE878A1C50862D002BE2DA /* Release */,
			);
			defaultConfigurationIsVisible = 0;
			defaultConfigurationName = Release;
		};
		44EE87971C508657002BE2DA /* Build configuration list for PBXNativeTarget "STDbKitTests" */ = {
			isa = XCConfigurationList;
			buildConfigurations = (
				44EE87981C508657002BE2DA /* Debug */,
				44EE87991C508657002BE2DA /* Release */,
			);
			defaultConfigurationIsVisible = 0;
			defaultConfigurationName = Release;
		};
/* End XCConfigurationList section */
	};
	rootObject = 44EE87771C50862D002BE2DA /* Project object */;
}
